{
  "version": 4,
  "terraform_version": "1.0.11",
  "serial": 77,
  "lineage": "41a11635-ec6e-6619-c30c-466e2b4254b3",
  "outputs": {},
  "resources": [
    {
      "mode": "managed",
      "type": "scaleway_instance_ip",
      "name": "public_ip",
      "provider": "provider[\"registry.terraform.io/scaleway/scaleway\"]",
      "instances": [
        {
          "index_key": 0,
          "schema_version": 0,
          "attributes": {
            "address": "163.172.137.48",
            "id": "fr-par-1/c0451b08-ce91-4548-9e57-faebfeedade2",
            "organization_id": "76e75232-44f3-4460-9f78-a3a8e73ad87e",
            "project_id": "76e75232-44f3-4460-9f78-a3a8e73ad87e",
            "reverse": "",
            "server_id": "fr-par-1/a99cf846-7cf8-43ba-b95c-f735e35d1970",
            "timeouts": null,
            "zone": "fr-par-1"
          },
          "sensitive_attributes": [],
          "private": "eyJlMmJmYjczMC1lY2FhLTExZTYtOGY4OC0zNDM2M2JjN2M0YzAiOnsiY3JlYXRlIjo2MDAwMDAwMDAwMCwiZGVmYXVsdCI6NjAwMDAwMDAwMDAsImRlbGV0ZSI6NjAwMDAwMDAwMDAsInJlYWQiOjYwMDAwMDAwMDAwLCJ1cGRhdGUiOjYwMDAwMDAwMDAwfX0="
        },
        {
          "index_key": 1,
          "schema_version": 0,
          "attributes": {
            "address": "51.15.137.224",
            "id": "fr-par-1/086c43cb-c0b3-48ef-81db-60d23ebf8374",
            "organization_id": "76e75232-44f3-4460-9f78-a3a8e73ad87e",
            "project_id": "76e75232-44f3-4460-9f78-a3a8e73ad87e",
            "reverse": "",
            "server_id": "fr-par-1/e12a34f8-b098-47c1-aa0b-55df6cc0ddc7",
            "timeouts": null,
            "zone": "fr-par-1"
          },
          "sensitive_attributes": [],
          "private": "eyJlMmJmYjczMC1lY2FhLTExZTYtOGY4OC0zNDM2M2JjN2M0YzAiOnsiY3JlYXRlIjo2MDAwMDAwMDAwMCwiZGVmYXVsdCI6NjAwMDAwMDAwMDAsImRlbGV0ZSI6NjAwMDAwMDAwMDAsInJlYWQiOjYwMDAwMDAwMDAwLCJ1cGRhdGUiOjYwMDAwMDAwMDAwfX0="
        }
      ]
    },
    {
      "mode": "managed",
      "type": "scaleway_instance_server",
      "name": "web",
      "provider": "provider[\"registry.terraform.io/scaleway/scaleway\"]",
      "instances": [
        {
          "index_key": 0,
          "schema_version": 0,
          "attributes": {
            "additional_volume_ids": [],
            "boot_type": "local",
            "bootscript_id": "fdfe150f-a870-4ce4-b432-9f56b5b995c1",
            "cloud_init": null,
            "enable_dynamic_ip": false,
            "enable_ipv6": false,
            "id": "fr-par-1/a99cf846-7cf8-43ba-b95c-f735e35d1970",
            "image": "ubuntu_focal",
            "ip_id": "fr-par-1/c0451b08-ce91-4548-9e57-faebfeedade2",
            "ipv6_address": "",
            "ipv6_gateway": "",
            "ipv6_prefix_length": 0,
            "name": "tf-srv-elegant-hamilton",
            "organization_id": "76e75232-44f3-4460-9f78-a3a8e73ad87e",
            "placement_group_id": null,
            "placement_group_policy_respected": null,
            "private_ip": "10.64.244.131",
            "project_id": "76e75232-44f3-4460-9f78-a3a8e73ad87e",
            "public_ip": "163.172.137.48",
            "root_volume": [
              {
                "delete_on_termination": true,
                "size_in_gb": 20,
                "volume_id": "fr-par-1/f1141e15-dc3a-424c-b6c6-3a52721d2b8e"
              }
            ],
            "security_group_id": "fr-par-1/332d47e7-7a86-4f55-acd6-eee858c1cd12",
            "state": "started",
            "tags": [],
            "timeouts": null,
            "type": "DEV1-S",
            "user_data": {
              "DATABASE_URI": "postgres://Admin:Admin!123@51.159.8.83:64112/rdb"
            },
            "zone": "fr-par-1"
          },
          "sensitive_attributes": [
            [
              {
                "type": "get_attr",
                "value": "user_data"
              },
              {
                "type": "index",
                "value": {
                  "value": "DATABASE_URI",
                  "type": "string"
                }
              }
            ]
          ],
          "private": "eyJlMmJmYjczMC1lY2FhLTExZTYtOGY4OC0zNDM2M2JjN2M0YzAiOnsiY3JlYXRlIjo2MDAwMDAwMDAwMDAsImRlZmF1bHQiOjYwMDAwMDAwMDAwMCwiZGVsZXRlIjo2MDAwMDAwMDAwMDAsInJlYWQiOjYwMDAwMDAwMDAwMCwidXBkYXRlIjo2MDAwMDAwMDAwMDB9fQ==",
          "dependencies": [
            "scaleway_instance_ip.public_ip",
            "scaleway_rdb_instance.main"
          ]
        },
        {
          "index_key": 1,
          "schema_version": 0,
          "attributes": {
            "additional_volume_ids": [],
            "boot_type": "local",
            "bootscript_id": "fdfe150f-a870-4ce4-b432-9f56b5b995c1",
            "cloud_init": null,
            "enable_dynamic_ip": false,
            "enable_ipv6": false,
            "id": "fr-par-1/e12a34f8-b098-47c1-aa0b-55df6cc0ddc7",
            "image": "ubuntu_focal",
            "ip_id": "fr-par-1/086c43cb-c0b3-48ef-81db-60d23ebf8374",
            "ipv6_address": "",
            "ipv6_gateway": "",
            "ipv6_prefix_length": 0,
            "name": "tf-srv-clever-austin",
            "organization_id": "76e75232-44f3-4460-9f78-a3a8e73ad87e",
            "placement_group_id": null,
            "placement_group_policy_respected": null,
            "private_ip": "10.64.30.71",
            "project_id": "76e75232-44f3-4460-9f78-a3a8e73ad87e",
            "public_ip": "51.15.137.224",
            "root_volume": [
              {
                "delete_on_termination": true,
                "size_in_gb": 20,
                "volume_id": "fr-par-1/3dd1dab5-d10a-4658-b0d4-426914b995b2"
              }
            ],
            "security_group_id": "fr-par-1/332d47e7-7a86-4f55-acd6-eee858c1cd12",
            "state": "started",
            "tags": [],
            "timeouts": null,
            "type": "DEV1-S",
            "user_data": {
              "DATABASE_URI": "postgres://Admin:Admin!123@51.159.8.83:64112/rdb"
            },
            "zone": "fr-par-1"
          },
          "sensitive_attributes": [
            [
              {
                "type": "get_attr",
                "value": "user_data"
              },
              {
                "type": "index",
                "value": {
                  "value": "DATABASE_URI",
                  "type": "string"
                }
              }
            ]
          ],
          "private": "eyJlMmJmYjczMC1lY2FhLTExZTYtOGY4OC0zNDM2M2JjN2M0YzAiOnsiY3JlYXRlIjo2MDAwMDAwMDAwMDAsImRlZmF1bHQiOjYwMDAwMDAwMDAwMCwiZGVsZXRlIjo2MDAwMDAwMDAwMDAsInJlYWQiOjYwMDAwMDAwMDAwMCwidXBkYXRlIjo2MDAwMDAwMDAwMDB9fQ==",
          "dependencies": [
            "scaleway_instance_ip.public_ip",
            "scaleway_rdb_instance.main"
          ]
        }
      ]
    },
    {
      "mode": "managed",
      "type": "scaleway_lb",
      "name": "base",
      "provider": "provider[\"registry.terraform.io/scaleway/scaleway\"]",
      "instances": [
        {
          "schema_version": 1,
          "attributes": {
            "id": "fr-par-1/bb7965f7-4a1d-4d14-9992-9b10579619d6",
            "ip_address": "51.159.9.89",
            "ip_id": "fr-par-1/913dae1f-90b5-4f34-8878-f69abbcc58c7",
            "name": "tf-lb-determined-curran",
            "organization_id": "76e75232-44f3-4460-9f78-a3a8e73ad87e",
            "project_id": "76e75232-44f3-4460-9f78-a3a8e73ad87e",
            "region": "fr-par",
            "tags": [],
            "timeouts": null,
            "type": "LB-S",
            "zone": "fr-par-1"
          },
          "sensitive_attributes": [],
          "private": "eyJlMmJmYjczMC1lY2FhLTExZTYtOGY4OC0zNDM2M2JjN2M0YzAiOnsiY3JlYXRlIjo2MDAwMDAwMDAwMDAsImRlZmF1bHQiOjYwMDAwMDAwMDAwMCwiZGVsZXRlIjo2MDAwMDAwMDAwMDAsInJlYWQiOjYwMDAwMDAwMDAwMCwidXBkYXRlIjo2MDAwMDAwMDAwMDB9LCJzY2hlbWFfdmVyc2lvbiI6IjEifQ==",
          "dependencies": [
            "scaleway_lb_ip.ip"
          ]
        }
      ]
    },
    {
      "mode": "managed",
      "type": "scaleway_lb_frontend",
      "name": "frontend01",
      "provider": "provider[\"registry.terraform.io/scaleway/scaleway\"]",
      "instances": []
    },
    {
      "mode": "managed",
      "type": "scaleway_lb_ip",
      "name": "ip",
      "provider": "provider[\"registry.terraform.io/scaleway/scaleway\"]",
      "instances": [
        {
          "schema_version": 1,
          "attributes": {
            "id": "fr-par-1/913dae1f-90b5-4f34-8878-f69abbcc58c7",
            "ip_address": "51.159.9.89",
            "lb_id": "bb7965f7-4a1d-4d14-9992-9b10579619d6",
            "organization_id": "76e75232-44f3-4460-9f78-a3a8e73ad87e",
            "project_id": "76e75232-44f3-4460-9f78-a3a8e73ad87e",
            "region": "fr-par",
            "reverse": "51-159-9-89.lb.fr-par.scw.cloud",
            "timeouts": null,
            "zone": "fr-par-1"
          },
          "sensitive_attributes": [],
          "private": "eyJlMmJmYjczMC1lY2FhLTExZTYtOGY4OC0zNDM2M2JjN2M0YzAiOnsiY3JlYXRlIjo2MDAwMDAwMDAwMDAsImRlZmF1bHQiOjYwMDAwMDAwMDAwMCwiZGVsZXRlIjo2MDAwMDAwMDAwMDAsInJlYWQiOjYwMDAwMDAwMDAwMCwidXBkYXRlIjo2MDAwMDAwMDAwMDB9LCJzY2hlbWFfdmVyc2lvbiI6IjEifQ=="
        }
      ]
    },
    {
      "mode": "managed",
      "type": "scaleway_rdb_instance",
      "name": "main",
      "provider": "provider[\"registry.terraform.io/scaleway/scaleway\"]",
      "instances": [
        {
          "schema_version": 0,
          "attributes": {
            "certificate": "-----BEGIN CERTIFICATE-----\nMIID9TCCAt2gAwIBAgIUX04BrzySV4iTqt7BYJVwEmCJalMwDQYJKoZIhvcNAQEL\nBQAwgYcxCzAJBgNVBAYTAkZSMQ4wDAYDVQQIDAVQYXJpczEOMAwGA1UEBwwFUGFy\naXMxETAPBgNVBAoMCFNjYWxld2F5MUUwQwYDVQQDDDxydy1hMzIxZDFiOS04ZjEy\nLTRkYmItODlmOS1lOTlhZWM5MzRkN2IucmRiLmZyLXBhci5zY3cuY2xvdWQwHhcN\nMjExMTI0MTMwMzM5WhcNMzExMTIyMTMwMzM5WjCBhzELMAkGA1UEBhMCRlIxDjAM\nBgNVBAgMBVBhcmlzMQ4wDAYDVQQHDAVQYXJpczERMA8GA1UECgwIU2NhbGV3YXkx\nRTBDBgNVBAMMPHJ3LWEzMjFkMWI5LThmMTItNGRiYi04OWY5LWU5OWFlYzkzNGQ3\nYi5yZGIuZnItcGFyLnNjdy5jbG91ZDCCASIwDQYJKoZIhvcNAQEBBQADggEPADCC\nAQoCggEBALM02YPdFVNNPmIj4zBMrhq856nVSv3saNngi05R68uKDxyUAA26GXlP\n93nVAuUfZrsXw/2i8RL3VSoUIfA/1enC75Qsl5c820UdopegIvpCDb16s9ZycCwd\nn+VVezYAu6nzOfjmg5C4TUt8zCPv1AtuV4eSMECa+Ybhv1fJi39q2Mw3KXDT9TeL\n98P/2TaL1KpXz3/LcMrYQg95bbWG1Q19oVVxgmQ8maReOwZk9+AS3na/K4pAUnUJ\n3/I2VGFh3xtewyCuw4mwf0X7kvx0g1SiU+L8RiKTqvogDgV5t+giOuz/u5rdQjCM\nT0kGj1e1xdx5H88v5cpCn71KueQtFmkCAwEAAaNXMFUwUwYDVR0RBEwwSoI8cnct\nYTMyMWQxYjktOGYxMi00ZGJiLTg5ZjktZTk5YWVjOTM0ZDdiLnJkYi5mci1wYXIu\nc2N3LmNsb3VkhwQznkwMhwQznwhTMA0GCSqGSIb3DQEBCwUAA4IBAQA1kHs9UxlL\ns043uO8evpWVhI42Vp9ovArXmkn3NdoXSo9EMl/fgT0yxoT9C4iCIHnSBzTNTRCW\nLx+ZQNK70YOuXXV4e3tfhpLmo05VEpH0fHtW6RtvgveiWmz/tSNNMedIVLB4scnt\nIzmSz/9gcxv3EETvcrUhfyoha0cd+iDRbOk7FY5HINuVhZhzuU+yXsR8eVstjzTY\ncmNA+js2WjO+Vrb2EJ3MW45n9mJS/AsmWogSggqM2VMhqUfD+aq3Rj+D7V32SAoy\nOk/9Jnv34aqM/XTT4MiByE0GMCErAMnC7xfy9KInGwcL7UEq95rgMjCAKNw5QvzX\nZnFZr0VW5xIr\n-----END CERTIFICATE-----\n",
            "disable_backup": false,
            "endpoint_ip": "51.159.8.83",
            "endpoint_port": 64112,
            "engine": "PostgreSQL-12",
            "id": "fr-par/a321d1b9-8f12-4dbb-89f9-e99aec934d7b",
            "is_ha_cluster": false,
            "name": "test-rdb",
            "node_type": "db-dev-s",
            "organization_id": "76e75232-44f3-4460-9f78-a3a8e73ad87e",
            "password": "Admin!123",
            "project_id": "76e75232-44f3-4460-9f78-a3a8e73ad87e",
            "read_replicas": [],
            "region": "fr-par",
            "settings": {
              "effective_cache_size": "1300",
              "maintenance_work_mem": "150",
              "max_connections": "100",
              "max_parallel_workers": "0",
              "max_parallel_workers_per_gather": "0",
              "work_mem": "4"
            },
            "tags": [],
            "timeouts": null,
            "user_name": "Admin",
            "volume_size_in_gb": 5,
            "volume_type": "lssd"
          },
          "sensitive_attributes": [],
          "private": "eyJlMmJmYjczMC1lY2FhLTExZTYtOGY4OC0zNDM2M2JjN2M0YzAiOnsiY3JlYXRlIjo5MDAwMDAwMDAwMDAsImRlZmF1bHQiOjkwMDAwMDAwMDAwMCwiZGVsZXRlIjo5MDAwMDAwMDAwMDAsInJlYWQiOjkwMDAwMDAwMDAwMCwidXBkYXRlIjo5MDAwMDAwMDAwMDB9fQ=="
        }
      ]
    }
  ]
}
